
Microsoft Visual Studio Solution File, Format Version 12.00
# Visual Studio Version 17
VisualStudioVersion = 17.4.33213.308
MinimumVisualStudioVersion = 10.0.40219.1
Project("{9A19103F-16F7-4668-BE54-9A1E7A4F7556}") = "Core", "Core\Core.csproj", "{9D76A0FA-966E-4326-8096-3304C220BC1B}"
EndProject
Project("{9A19103F-16F7-4668-BE54-9A1E7A4F7556}") = "DAL", "DAL\DAL.csproj", "{080E51AF-C1B7-4E58-B32C-B39F071024AB}"
EndProject
Project("{9A19103F-16F7-4668-BE54-9A1E7A4F7556}") = "Service", "Service\Service.csproj", "{B0B8552B-AE39-44F1-82E6-5049DDD511F2}"
EndProject
Project("{FAE04EC0-301F-11D3-BF4B-00C04F79EFBC}") = "API", "API\API.csproj", "{5925B574-D9B8-4C39-A913-CEF5A66EEEE3}"
EndProject
Global
	GlobalSection(SolutionConfigurationPlatforms) = preSolution
		Debug|Any CPU = Debug|Any CPU
		Release|Any CPU = Release|Any CPU
	EndGlobalSection
	GlobalSection(ProjectConfigurationPlatforms) = postSolution
		{9D76A0FA-966E-4326-8096-3304C220BC1B}.Debug|Any CPU.ActiveCfg = Debug|Any CPU
		{9D76A0FA-966E-4326-8096-3304C220BC1B}.Debug|Any CPU.Build.0 = Debug|Any CPU
		{9D76A0FA-966E-4326-8096-3304C220BC1B}.Release|Any CPU.ActiveCfg = Release|Any CPU
		{9D76A0FA-966E-4326-8096-3304C220BC1B}.Release|Any CPU.Build.0 = Release|Any CPU
		{080E51AF-C1B7-4E58-B32C-B39F071024AB}.Debug|Any CPU.ActiveCfg = Debug|Any CPU
		{080E51AF-C1B7-4E58-B32C-B39F071024AB}.Debug|Any CPU.Build.0 = Debug|Any CPU
		{080E51AF-C1B7-4E58-B32C-B39F071024AB}.Release|Any CPU.ActiveCfg = Release|Any CPU
		{080E51AF-C1B7-4E58-B32C-B39F071024AB}.Release|Any CPU.Build.0 = Release|Any CPU
		{B0B8552B-AE39-44F1-82E6-5049DDD511F2}.Debug|Any CPU.ActiveCfg = Debug|Any CPU
		{B0B8552B-AE39-44F1-82E6-5049DDD511F2}.Debug|Any CPU.Build.0 = Debug|Any CPU
		{B0B8552B-AE39-44F1-82E6-5049DDD511F2}.Release|Any CPU.ActiveCfg = Release|Any CPU
		{B0B8552B-AE39-44F1-82E6-5049DDD511F2}.Release|Any CPU.Build.0 = Release|Any CPU
		{5925B574-D9B8-4C39-A913-CEF5A66EEEE3}.Debug|Any CPU.ActiveCfg = Debug|Any CPU
		{5925B574-D9B8-4C39-A913-CEF5A66EEEE3}.Debug|Any CPU.Build.0 = Debug|Any CPU
		{5925B574-D9B8-4C39-A913-CEF5A66EEEE3}.Release|Any CPU.ActiveCfg = Release|Any CPU
		{5925B574-D9B8-4C39-A913-CEF5A66EEEE3}.Release|Any CPU.Build.0 = Release|Any CPU
	EndGlobalSection
	GlobalSection(SolutionProperties) = preSolution
		HideSolutionNode = FALSE
	EndGlobalSection
	GlobalSection(ExtensibilityGlobals) = postSolution
		SolutionGuid = {72B83546-D877-45EB-B420-3EE1BB695682}
	EndGlobalSection
EndGlobal
